{
  "lockfileVersion": 1,
  "workspaces": {
    "": {
      "name": "ls4bun",
      "dependencies": {
        "suretype": "^3.3.1",
      },
      "devDependencies": {
        "@eslint/eslintrc": "^3.3.1",
        "@eslint/js": "^9.23.0",
        "@types/bun": "^1.2.8",
        "@types/eslint": "^9.6.1",
        "@types/node": "^22.14.0",
        "@typescript-eslint/eslint-plugin": "^8.29.0",
        "@typescript-eslint/parser": "^8.29.0",
        "eslint": "^9.23.0",
        "typescript": "^5.8.2",
      },
      "peerDependencies": {
        "typescript": "^5.8.2",
      },
    },
  },
  "packages": {
    "@babel/helper-validator-identifier": ["@babel/helper-validator-identifier@7.25.9", "", {}, "sha512-Ed61U6XJc3CVRfkERJWDz4dJwKe7iLmmJsbOGu9wSloNSFttHV0I8g6UAgb7qnK5ly5bGLPd4oXZlxCdANBOWQ=="],

    "@eslint-community/eslint-utils": ["@eslint-community/eslint-utils@4.4.1", "", { "dependencies": { "eslint-visitor-keys": "^3.4.3" }, "peerDependencies": { "eslint": "^6.0.0 || ^7.0.0 || >=8.0.0" } }, ""],

    "@eslint-community/regexpp": ["@eslint-community/regexpp@4.12.1", "", {}, ""],

    "@eslint/config-array": ["@eslint/config-array@0.19.2", "", { "dependencies": { "@eslint/object-schema": "^2.1.6", "debug": "^4.3.1", "minimatch": "^3.1.2" } }, ""],

    "@eslint/config-helpers": ["@eslint/config-helpers@0.2.1", "", {}, "sha512-RI17tsD2frtDu/3dmI7QRrD4bedNKPM08ziRYaC5AhkGrzIAJelm9kJU1TznK+apx6V+cqRz8tfpEeG3oIyjxw=="],

    "@eslint/core": ["@eslint/core@0.12.0", "", { "dependencies": { "@types/json-schema": "^7.0.15" } }, ""],

    "@eslint/eslintrc": ["@eslint/eslintrc@3.3.1", "", { "dependencies": { "ajv": "^6.12.4", "debug": "^4.3.2", "espree": "^10.0.1", "globals": "^14.0.0", "ignore": "^5.2.0", "import-fresh": "^3.2.1", "js-yaml": "^4.1.0", "minimatch": "^3.1.2", "strip-json-comments": "^3.1.1" } }, "sha512-gtF186CXhIl1p4pJNGZw8Yc6RlshoePRvE0X91oPGb3vZ8pM3qOS9W9NGPat9LziaBV7XrJWGylNQXkGcnM3IQ=="],

    "@eslint/js": ["@eslint/js@9.23.0", "", {}, "sha512-35MJ8vCPU0ZMxo7zfev2pypqTwWTofFZO6m4KAtdoFhRpLJUpHTZZ+KB3C7Hb1d7bULYwO4lJXGCi5Se+8OMbw=="],

    "@eslint/object-schema": ["@eslint/object-schema@2.1.6", "", {}, ""],

    "@eslint/plugin-kit": ["@eslint/plugin-kit@0.2.7", "", { "dependencies": { "@eslint/core": "^0.12.0", "levn": "^0.4.1" } }, ""],

    "@humanfs/core": ["@humanfs/core@0.19.1", "", {}, ""],

    "@humanfs/node": ["@humanfs/node@0.16.6", "", { "dependencies": { "@humanfs/core": "^0.19.1", "@humanwhocodes/retry": "^0.3.0" } }, ""],

    "@humanwhocodes/module-importer": ["@humanwhocodes/module-importer@1.0.1", "", {}, ""],

    "@humanwhocodes/retry": ["@humanwhocodes/retry@0.4.2", "", {}, ""],

    "@nodelib/fs.scandir": ["@nodelib/fs.scandir@2.1.5", "", { "dependencies": { "@nodelib/fs.stat": "2.0.5", "run-parallel": "^1.1.9" } }, ""],

    "@nodelib/fs.stat": ["@nodelib/fs.stat@2.0.5", "", {}, ""],

    "@nodelib/fs.walk": ["@nodelib/fs.walk@1.2.8", "", { "dependencies": { "@nodelib/fs.scandir": "2.1.5", "fastq": "^1.6.0" } }, ""],

    "@types/bun": ["@types/bun@1.2.8", "", { "dependencies": { "bun-types": "1.2.7" } }, "sha512-t8L1RvJVUghW5V+M/fL3Thbxcs0HwNsXsnTEBEfEVqGteiJToOlZ/fyOEaR1kZsNqnu+3XA4RI/qmnX4w6+S+w=="],

    "@types/eslint": ["@types/eslint@9.6.1", "", { "dependencies": { "@types/estree": "*", "@types/json-schema": "*" } }, ""],

    "@types/estree": ["@types/estree@1.0.6", "", {}, ""],

    "@types/json-schema": ["@types/json-schema@7.0.15", "", {}, ""],

    "@types/node": ["@types/node@22.14.0", "", { "dependencies": { "undici-types": "~6.21.0" } }, "sha512-Kmpl+z84ILoG+3T/zQFyAJsU6EPTmOCj8/2+83fSN6djd6I4o7uOuGIH6vq3PrjY5BGitSbFuMN18j3iknubbA=="],

    "@types/ws": ["@types/ws@8.5.14", "", { "dependencies": { "@types/node": "*" } }, ""],

    "@typescript-eslint/eslint-plugin": ["@typescript-eslint/eslint-plugin@8.29.0", "", { "dependencies": { "@eslint-community/regexpp": "^4.10.0", "@typescript-eslint/scope-manager": "8.29.0", "@typescript-eslint/type-utils": "8.29.0", "@typescript-eslint/utils": "8.29.0", "@typescript-eslint/visitor-keys": "8.29.0", "graphemer": "^1.4.0", "ignore": "^5.3.1", "natural-compare": "^1.4.0", "ts-api-utils": "^2.0.1" }, "peerDependencies": { "@typescript-eslint/parser": "^8.0.0 || ^8.0.0-alpha.0", "eslint": "^8.57.0 || ^9.0.0", "typescript": ">=4.8.4 <5.9.0" } }, "sha512-PAIpk/U7NIS6H7TEtN45SPGLQaHNgB7wSjsQV/8+KYokAb2T/gloOA/Bee2yd4/yKVhPKe5LlaUGhAZk5zmSaQ=="],

    "@typescript-eslint/parser": ["@typescript-eslint/parser@8.29.0", "", { "dependencies": { "@typescript-eslint/scope-manager": "8.29.0", "@typescript-eslint/types": "8.29.0", "@typescript-eslint/typescript-estree": "8.29.0", "@typescript-eslint/visitor-keys": "8.29.0", "debug": "^4.3.4" }, "peerDependencies": { "eslint": "^8.57.0 || ^9.0.0", "typescript": ">=4.8.4 <5.9.0" } }, "sha512-8C0+jlNJOwQso2GapCVWWfW/rzaq7Lbme+vGUFKE31djwNncIpgXD7Cd4weEsDdkoZDjH0lwwr3QDQFuyrMg9g=="],

    "@typescript-eslint/scope-manager": ["@typescript-eslint/scope-manager@8.29.0", "", { "dependencies": { "@typescript-eslint/types": "8.29.0", "@typescript-eslint/visitor-keys": "8.29.0" } }, "sha512-aO1PVsq7Gm+tcghabUpzEnVSFMCU4/nYIgC2GOatJcllvWfnhrgW0ZEbnTxm36QsikmCN1K/6ZgM7fok2I7xNw=="],

    "@typescript-eslint/type-utils": ["@typescript-eslint/type-utils@8.29.0", "", { "dependencies": { "@typescript-eslint/typescript-estree": "8.29.0", "@typescript-eslint/utils": "8.29.0", "debug": "^4.3.4", "ts-api-utils": "^2.0.1" }, "peerDependencies": { "eslint": "^8.57.0 || ^9.0.0", "typescript": ">=4.8.4 <5.9.0" } }, "sha512-ahaWQ42JAOx+NKEf5++WC/ua17q5l+j1GFrbbpVKzFL/tKVc0aYY8rVSYUpUvt2hUP1YBr7mwXzx+E/DfUWI9Q=="],

    "@typescript-eslint/types": ["@typescript-eslint/types@8.29.0", "", {}, "sha512-wcJL/+cOXV+RE3gjCyl/V2G877+2faqvlgtso/ZRbTCnZazh0gXhe+7gbAnfubzN2bNsBtZjDvlh7ero8uIbzg=="],

    "@typescript-eslint/typescript-estree": ["@typescript-eslint/typescript-estree@8.29.0", "", { "dependencies": { "@typescript-eslint/types": "8.29.0", "@typescript-eslint/visitor-keys": "8.29.0", "debug": "^4.3.4", "fast-glob": "^3.3.2", "is-glob": "^4.0.3", "minimatch": "^9.0.4", "semver": "^7.6.0", "ts-api-utils": "^2.0.1" }, "peerDependencies": { "typescript": ">=4.8.4 <5.9.0" } }, "sha512-yOfen3jE9ISZR/hHpU/bmNvTtBW1NjRbkSFdZOksL1N+ybPEE7UVGMwqvS6CP022Rp00Sb0tdiIkhSCe6NI8ow=="],

    "@typescript-eslint/utils": ["@typescript-eslint/utils@8.29.0", "", { "dependencies": { "@eslint-community/eslint-utils": "^4.4.0", "@typescript-eslint/scope-manager": "8.29.0", "@typescript-eslint/types": "8.29.0", "@typescript-eslint/typescript-estree": "8.29.0" }, "peerDependencies": { "eslint": "^8.57.0 || ^9.0.0", "typescript": ">=4.8.4 <5.9.0" } }, "sha512-gX/A0Mz9Bskm8avSWFcK0gP7cZpbY4AIo6B0hWYFCaIsz750oaiWR4Jr2CI+PQhfW1CpcQr9OlfPS+kMFegjXA=="],

    "@typescript-eslint/visitor-keys": ["@typescript-eslint/visitor-keys@8.29.0", "", { "dependencies": { "@typescript-eslint/types": "8.29.0", "eslint-visitor-keys": "^4.2.0" } }, "sha512-Sne/pVz8ryR03NFK21VpN88dZ2FdQXOlq3VIklbrTYEt8yXtRFr9tvUhqvCeKjqYk5FSim37sHbooT6vzBTZcg=="],

    "acorn": ["acorn@8.14.0", "", { "bin": "bin/acorn" }, ""],

    "acorn-jsx": ["acorn-jsx@5.3.2", "", { "peerDependencies": { "acorn": "^6.0.0 || ^7.0.0 || ^8.0.0" } }, ""],

    "ajv": ["ajv@6.12.6", "", { "dependencies": { "fast-deep-equal": "^3.1.1", "fast-json-stable-stringify": "^2.0.0", "json-schema-traverse": "^0.4.1", "uri-js": "^4.2.2" } }, ""],

    "ansi-escapes": ["ansi-escapes@5.0.0", "", { "dependencies": { "type-fest": "^1.0.2" } }, "sha512-5GFMVX8HqE/TB+FuBJGuO5XG0WrsA6ptUqoODaT/n9mmUaZFkqnBueB4leqGBCmrUHnCnC4PCZTCd0E7QQ83bA=="],

    "ansi-styles": ["ansi-styles@4.3.0", "", { "dependencies": { "color-convert": "^2.0.1" } }, ""],

    "argparse": ["argparse@2.0.1", "", {}, ""],

    "awesome-ajv-errors": ["awesome-ajv-errors@5.1.0", "", { "dependencies": { "awesome-code-frame": "^1.1.0", "chalk": "^5.2.0", "jsonpointer": "^5.0.1", "jsonpos": "^4.1.2", "leven": "^4.0.0", "terminal-link": "^3.0.0" }, "peerDependencies": { "ajv": "^6 || ^7 || ^8" } }, "sha512-kXak1TPsFI3hMFWc5ase0EQJEBgVSo/iLil4QZnogyEg6/rYxnywCvuF0doB9iKzqDUUOwzVTduq0Z16CxWICQ=="],

    "awesome-code-frame": ["awesome-code-frame@1.1.0", "", { "dependencies": { "@babel/helper-validator-identifier": "^7.19.1", "chalk": "^5.2.0", "charcodes": "^0.2.0", "js-tokens": "^8.0.1" } }, "sha512-FJH2rUCFpCMIm1YU1n5Oit59Sy9Okc+K5z77MbbKDcLoNuFbskq55qZO7ePoVuImoMEQ+G5FgLneUWUlJ89FEQ=="],

    "balanced-match": ["balanced-match@1.0.2", "", {}, ""],

    "brace-expansion": ["brace-expansion@1.1.11", "", { "dependencies": { "balanced-match": "^1.0.0", "concat-map": "0.0.1" } }, ""],

    "braces": ["braces@3.0.3", "", { "dependencies": { "fill-range": "^7.1.1" } }, ""],

    "bun-types": ["bun-types@1.2.7", "", { "dependencies": { "@types/node": "*", "@types/ws": "*" } }, "sha512-P4hHhk7kjF99acXqKvltyuMQ2kf/rzIw3ylEDpCxDS9Xa0X0Yp/gJu/vDCucmWpiur5qJ0lwB2bWzOXa2GlHqA=="],

    "callsites": ["callsites@3.1.0", "", {}, ""],

    "chalk": ["chalk@4.1.2", "", { "dependencies": { "ansi-styles": "^4.1.0", "supports-color": "^7.1.0" } }, ""],

    "charcodes": ["charcodes@0.2.0", "", {}, "sha512-Y4kiDb+AM4Ecy58YkuZrrSRJBDQdQ2L+NyS1vHHFtNtUjgutcZfx3yp1dAONI/oPaPmyGfCLx5CxL+zauIMyKQ=="],

    "color-convert": ["color-convert@2.0.1", "", { "dependencies": { "color-name": "~1.1.4" } }, ""],

    "color-name": ["color-name@1.1.4", "", {}, ""],

    "concat-map": ["concat-map@0.0.1", "", {}, ""],

    "cross-spawn": ["cross-spawn@7.0.6", "", { "dependencies": { "path-key": "^3.1.0", "shebang-command": "^2.0.0", "which": "^2.0.1" } }, ""],

    "debug": ["debug@4.4.0", "", { "dependencies": { "ms": "^2.1.3" } }, ""],

    "deep-is": ["deep-is@0.1.4", "", {}, ""],

    "escape-string-regexp": ["escape-string-regexp@4.0.0", "", {}, ""],

    "eslint": ["eslint@9.23.0", "", { "dependencies": { "@eslint-community/eslint-utils": "^4.2.0", "@eslint-community/regexpp": "^4.12.1", "@eslint/config-array": "^0.19.2", "@eslint/config-helpers": "^0.2.0", "@eslint/core": "^0.12.0", "@eslint/eslintrc": "^3.3.1", "@eslint/js": "9.23.0", "@eslint/plugin-kit": "^0.2.7", "@humanfs/node": "^0.16.6", "@humanwhocodes/module-importer": "^1.0.1", "@humanwhocodes/retry": "^0.4.2", "@types/estree": "^1.0.6", "@types/json-schema": "^7.0.15", "ajv": "^6.12.4", "chalk": "^4.0.0", "cross-spawn": "^7.0.6", "debug": "^4.3.2", "escape-string-regexp": "^4.0.0", "eslint-scope": "^8.3.0", "eslint-visitor-keys": "^4.2.0", "espree": "^10.3.0", "esquery": "^1.5.0", "esutils": "^2.0.2", "fast-deep-equal": "^3.1.3", "file-entry-cache": "^8.0.0", "find-up": "^5.0.0", "glob-parent": "^6.0.2", "ignore": "^5.2.0", "imurmurhash": "^0.1.4", "is-glob": "^4.0.0", "json-stable-stringify-without-jsonify": "^1.0.1", "lodash.merge": "^4.6.2", "minimatch": "^3.1.2", "natural-compare": "^1.4.0", "optionator": "^0.9.3" }, "peerDependencies": { "jiti": "*" }, "optionalPeers": ["jiti"], "bin": { "eslint": "bin/eslint.js" } }, "sha512-jV7AbNoFPAY1EkFYpLq5bslU9NLNO8xnEeQXwErNibVryjk67wHVmddTBilc5srIttJDBrB0eMHKZBFbSIABCw=="],

    "eslint-scope": ["eslint-scope@8.3.0", "", { "dependencies": { "esrecurse": "^4.3.0", "estraverse": "^5.2.0" } }, "sha512-pUNxi75F8MJ/GdeKtVLSbYg4ZI34J6C0C7sbL4YOp2exGwen7ZsuBqKzUhXd0qMQ362yET3z+uPwKeg/0C2XCQ=="],

    "eslint-visitor-keys": ["eslint-visitor-keys@4.2.0", "", {}, ""],

    "espree": ["espree@10.3.0", "", { "dependencies": { "acorn": "^8.14.0", "acorn-jsx": "^5.3.2", "eslint-visitor-keys": "^4.2.0" } }, ""],

    "esquery": ["esquery@1.6.0", "", { "dependencies": { "estraverse": "^5.1.0" } }, ""],

    "esrecurse": ["esrecurse@4.3.0", "", { "dependencies": { "estraverse": "^5.2.0" } }, ""],

    "estraverse": ["estraverse@5.3.0", "", {}, ""],

    "esutils": ["esutils@2.0.3", "", {}, ""],

    "fast-deep-equal": ["fast-deep-equal@3.1.3", "", {}, ""],

    "fast-glob": ["fast-glob@3.3.3", "", { "dependencies": { "@nodelib/fs.stat": "^2.0.2", "@nodelib/fs.walk": "^1.2.3", "glob-parent": "^5.1.2", "merge2": "^1.3.0", "micromatch": "^4.0.8" } }, ""],

    "fast-json-stable-stringify": ["fast-json-stable-stringify@2.1.0", "", {}, ""],

    "fast-levenshtein": ["fast-levenshtein@2.0.6", "", {}, ""],

    "fastq": ["fastq@1.19.0", "", { "dependencies": { "reusify": "^1.0.4" } }, ""],

    "file-entry-cache": ["file-entry-cache@8.0.0", "", { "dependencies": { "flat-cache": "^4.0.0" } }, ""],

    "fill-range": ["fill-range@7.1.1", "", { "dependencies": { "to-regex-range": "^5.0.1" } }, ""],

    "find-up": ["find-up@5.0.0", "", { "dependencies": { "locate-path": "^6.0.0", "path-exists": "^4.0.0" } }, ""],

    "flat-cache": ["flat-cache@4.0.1", "", { "dependencies": { "flatted": "^3.2.9", "keyv": "^4.5.4" } }, ""],

    "flatted": ["flatted@3.3.2", "", {}, ""],

    "glob-parent": ["glob-parent@6.0.2", "", { "dependencies": { "is-glob": "^4.0.3" } }, ""],

    "globals": ["globals@14.0.0", "", {}, ""],

    "graphemer": ["graphemer@1.4.0", "", {}, ""],

    "has-flag": ["has-flag@4.0.0", "", {}, ""],

    "ignore": ["ignore@5.3.2", "", {}, ""],

    "import-fresh": ["import-fresh@3.3.1", "", { "dependencies": { "parent-module": "^1.0.0", "resolve-from": "^4.0.0" } }, ""],

    "imurmurhash": ["imurmurhash@0.1.4", "", {}, ""],

    "is-extglob": ["is-extglob@2.1.1", "", {}, ""],

    "is-glob": ["is-glob@4.0.3", "", { "dependencies": { "is-extglob": "^2.1.1" } }, ""],

    "is-number": ["is-number@7.0.0", "", {}, ""],

    "isexe": ["isexe@2.0.0", "", {}, ""],

    "js-tokens": ["js-tokens@8.0.3", "", {}, "sha512-UfJMcSJc+SEXEl9lH/VLHSZbThQyLpw1vLO1Lb+j4RWDvG3N2f7yj3PVQA3cmkTBNldJ9eFnM+xEXxHIXrYiJw=="],

    "js-yaml": ["js-yaml@4.1.0", "", { "dependencies": { "argparse": "^2.0.1" }, "bin": "bin/js-yaml.js" }, ""],

    "json-buffer": ["json-buffer@3.0.1", "", {}, ""],

    "json-cst": ["json-cst@1.2.0", "", { "dependencies": { "json-lexer": "^1.2.0" } }, "sha512-liC8jqILo2mZjKs/c/zDknohoLo2FocQH5ZGyPZzPNNHSC/LarVq42R4WA58lqPdH9ssP/JKArp6SZ6aP7vyhA=="],

    "json-lexer": ["json-lexer@1.2.0", "", {}, "sha512-7otpx5UPFeSELoF8nkZPHCfywg86wOsJV0WNOaysuO7mfWj1QFp2vlqESRRCeJKBXr+tqDgHh4HgqUFKTLcifQ=="],

    "json-schema-traverse": ["json-schema-traverse@0.4.1", "", {}, ""],

    "json-stable-stringify-without-jsonify": ["json-stable-stringify-without-jsonify@1.0.1", "", {}, ""],

    "jsonpointer": ["jsonpointer@5.0.1", "", {}, "sha512-p/nXbhSEcu3pZRdkW1OfJhpsVtW1gd4Wa1fnQc9YLiTfAjn0312eMKimbdIQzuZl9aa9xUGaRlP9T/CJE/ditQ=="],

    "jsonpos": ["jsonpos@4.1.2", "", { "dependencies": { "json-cst": "^1.2.0" } }, "sha512-cn+7TiBMq9VUsHKp+8uZeSY0K2ZnjEwurSA8uJlBoOmMA7w67axpvfv+v77A/8iEXLkXMN06uvEzblGj51+VBQ=="],

    "keyv": ["keyv@4.5.4", "", { "dependencies": { "json-buffer": "3.0.1" } }, ""],

    "leven": ["leven@4.0.0", "", {}, "sha512-puehA3YKku3osqPlNuzGDUHq8WpwXupUg1V6NXdV38G+gr+gkBwFC8g1b/+YcIvp8gnqVIus+eJCH/eGsRmJNw=="],

    "levn": ["levn@0.4.1", "", { "dependencies": { "prelude-ls": "^1.2.1", "type-check": "~0.4.0" } }, ""],

    "locate-path": ["locate-path@6.0.0", "", { "dependencies": { "p-locate": "^5.0.0" } }, ""],

    "lodash.merge": ["lodash.merge@4.6.2", "", {}, ""],

    "merge2": ["merge2@1.4.1", "", {}, ""],

    "meta-types": ["meta-types@2.0.0", "", {}, "sha512-I/UKzOsGtZuMuUPo17+J7dthEDWLorxnOvD5z6I0fgdDm2bJbo6VmMu+WVppOV3uog78iKjyenlRUMywgd3TPA=="],

    "micromatch": ["micromatch@4.0.8", "", { "dependencies": { "braces": "^3.0.3", "picomatch": "^2.3.1" } }, ""],

    "minimatch": ["minimatch@3.1.2", "", { "dependencies": { "brace-expansion": "^1.1.7" } }, ""],

    "ms": ["ms@2.1.3", "", {}, ""],

    "natural-compare": ["natural-compare@1.4.0", "", {}, ""],

    "optionator": ["optionator@0.9.4", "", { "dependencies": { "deep-is": "^0.1.3", "fast-levenshtein": "^2.0.6", "levn": "^0.4.1", "prelude-ls": "^1.2.1", "type-check": "^0.4.0", "word-wrap": "^1.2.5" } }, ""],

    "p-limit": ["p-limit@3.1.0", "", { "dependencies": { "yocto-queue": "^0.1.0" } }, ""],

    "p-locate": ["p-locate@5.0.0", "", { "dependencies": { "p-limit": "^3.0.2" } }, ""],

    "parent-module": ["parent-module@1.0.1", "", { "dependencies": { "callsites": "^3.0.0" } }, ""],

    "path-exists": ["path-exists@4.0.0", "", {}, ""],

    "path-key": ["path-key@3.1.1", "", {}, ""],

    "picomatch": ["picomatch@2.3.1", "", {}, ""],

    "prelude-ls": ["prelude-ls@1.2.1", "", {}, ""],

    "punycode": ["punycode@2.3.1", "", {}, ""],

    "queue-microtask": ["queue-microtask@1.2.3", "", {}, ""],

    "resolve-from": ["resolve-from@4.0.0", "", {}, ""],

    "reusify": ["reusify@1.0.4", "", {}, ""],

    "run-parallel": ["run-parallel@1.2.0", "", { "dependencies": { "queue-microtask": "^1.2.2" } }, ""],

    "semver": ["semver@7.7.1", "", { "bin": "bin/semver.js" }, "sha512-hlq8tAfn0m/61p4BVRcPzIGr6LKiMwo4VM6dGi6pt4qcRkmNzTcWq6eCEjEh+qXjkMDvPlOFFSGwQjoEa6gyMA=="],

    "shebang-command": ["shebang-command@2.0.0", "", { "dependencies": { "shebang-regex": "^3.0.0" } }, ""],

    "shebang-regex": ["shebang-regex@3.0.0", "", {}, ""],

    "strip-json-comments": ["strip-json-comments@3.1.1", "", {}, ""],

    "supports-color": ["supports-color@7.2.0", "", { "dependencies": { "has-flag": "^4.0.0" } }, ""],

    "supports-hyperlinks": ["supports-hyperlinks@2.3.0", "", { "dependencies": { "has-flag": "^4.0.0", "supports-color": "^7.0.0" } }, "sha512-RpsAZlpWcDwOPQA22aCH4J0t7L8JmAvsCxfOSEwm7cQs3LshN36QaTkwd70DnBOXDWGssw2eUoc8CaRWT0XunA=="],

    "suretype": ["suretype@3.3.1", "", { "dependencies": { "ajv": "^6.12.6", "awesome-ajv-errors": "^5.1.0", "meta-types": "^2.0.0" } }, "sha512-eTb/gmWy8hvax6sRIEzNiPSX630DaPgosKk3oOYsdE0sebPYgHMn9QJ7XOidlKvRjrWBV7X+Qb/pIC5y8ZYNHA=="],

    "terminal-link": ["terminal-link@3.0.0", "", { "dependencies": { "ansi-escapes": "^5.0.0", "supports-hyperlinks": "^2.2.0" } }, "sha512-flFL3m4wuixmf6IfhFJd1YPiLiMuxEc8uHRM1buzIeZPm22Au2pDqBJQgdo7n1WfPU1ONFGv7YDwpFBmHGF6lg=="],

    "to-regex-range": ["to-regex-range@5.0.1", "", { "dependencies": { "is-number": "^7.0.0" } }, ""],

    "ts-api-utils": ["ts-api-utils@2.0.1", "", { "peerDependencies": { "typescript": ">=4.8.4" } }, ""],

    "type-check": ["type-check@0.4.0", "", { "dependencies": { "prelude-ls": "^1.2.1" } }, ""],

    "type-fest": ["type-fest@1.4.0", "", {}, "sha512-yGSza74xk0UG8k+pLh5oeoYirvIiWo5t0/o3zHHAO2tRDiZcxWP7fywNlXhqb6/r6sWvwi+RsyQMWhVLe4BVuA=="],

    "typescript": ["typescript@5.8.2", "", { "bin": { "tsc": "bin/tsc", "tsserver": "bin/tsserver" } }, "sha512-aJn6wq13/afZp/jT9QZmwEjDqqvSGp1VT5GVg+f/t6/oVyrgXM6BY1h9BRh/O5p3PlUPAe+WuiEZOmb/49RqoQ=="],

    "undici-types": ["undici-types@6.21.0", "", {}, "sha512-iwDZqg0QAGrg9Rav5H4n0M64c3mkR59cJ6wQp+7C4nI0gsmExaedaYLNO44eT4AtBBwjbTiGPMlt2Md0T9H9JQ=="],

    "uri-js": ["uri-js@4.4.1", "", { "dependencies": { "punycode": "^2.1.0" } }, ""],

    "which": ["which@2.0.2", "", { "dependencies": { "isexe": "^2.0.0" }, "bin": { "node-which": "bin/node-which" } }, ""],

    "word-wrap": ["word-wrap@1.2.5", "", {}, ""],

    "yocto-queue": ["yocto-queue@0.1.0", "", {}, ""],

    "@eslint-community/eslint-utils/eslint-visitor-keys": ["eslint-visitor-keys@3.4.3", "", {}, ""],

    "@humanfs/node/@humanwhocodes/retry": ["@humanwhocodes/retry@0.3.1", "", {}, ""],

    "@types/ws/@types/node": ["@types/node@22.13.8", "", { "dependencies": { "undici-types": "~6.20.0" } }, "sha512-G3EfaZS+iOGYWLLRCEAXdWK9my08oHNZ+FHluRiggIYJPOXzhOiDgpVCUHaUvyIC5/fj7C/p637jdzC666AOKQ=="],

    "@typescript-eslint/typescript-estree/minimatch": ["minimatch@9.0.5", "", { "dependencies": { "brace-expansion": "^2.0.1" } }, "sha512-G6T0ZX48xgozx7587koeX9Ys2NYy6Gmv//P89sEte9V9whIapMNF4idKxnW2QtCcLiTWlb/wfCabAtAFWhhBow=="],

    "awesome-ajv-errors/chalk": ["chalk@5.4.1", "", {}, "sha512-zgVZuo2WcZgfUEmsn6eO3kINexW8RAE4maiQ8QNs8CtpPCSyMiYsULR3HQYkm3w8FIA3SberyMJMSldGsW+U3w=="],

    "awesome-code-frame/chalk": ["chalk@5.4.1", "", {}, "sha512-zgVZuo2WcZgfUEmsn6eO3kINexW8RAE4maiQ8QNs8CtpPCSyMiYsULR3HQYkm3w8FIA3SberyMJMSldGsW+U3w=="],

    "fast-glob/glob-parent": ["glob-parent@5.1.2", "", { "dependencies": { "is-glob": "^4.0.1" } }, ""],

    "@types/ws/@types/node/undici-types": ["undici-types@6.20.0", "", {}, ""],

    "@typescript-eslint/typescript-estree/minimatch/brace-expansion": ["brace-expansion@2.0.1", "", { "dependencies": { "balanced-match": "^1.0.0" } }, "sha512-XnAIvQ8eM+kC6aULx6wuQiwVsnzsi9d3WxzV3FpWTGA19F621kwdbsAcFKXgKUHZWsy+mY6iL1sHTxWEFCytDA=="],
  }
}
